# THIS IS AN AUTOGENERATED FILE. DO NOT EDIT THIS FILE DIRECTLY.
# yarn lockfile v1


"@popperjs/core@^2.9.0":
  version "2.11.6"
  resolved "https://registry.yarnpkg.com/@popperjs/core/-/core-2.11.6.tgz#cee20bd55e68a1720bdab363ecf0c821ded4cd45"
  integrity sha512-50/17A98tWUfQ176raKiOGXuYpLyyVMkxxG6oylzL3BPOlA6ADGdK7EYunSa4I064xerltq9TGXs8HmOk5E+vw==

"@tippyjs/react@^4.2.6":
  version "4.2.6"
  resolved "https://registry.yarnpkg.com/@tippyjs/react/-/react-4.2.6.tgz#971677a599bf663f20bb1c60a62b9555b749cc71"
  integrity sha512-91RicDR+H7oDSyPycI13q3b7o4O60wa2oRbjlz2fyRLmHImc4vyDwuUP8NtZaN0VARJY5hybvDYrFzhY9+Lbyw==
  dependencies:
    tippy.js "^6.3.1"

popper.js@^1.11.1:
  version "1.16.1"
  resolved "https://registry.npmjs.org/popper.js/-/popper.js-1.16.1.tgz"
  integrity sha512-Wb4p1J4zyFTbM+u6WuO4XstYx4Ky9Cewe4DWrel7B0w6VVICvPwdOpotjzcf6eD8TsckVnIMNONQyPIUFOUbCQ==

react-tippy@^1.4.0:
  version "1.4.0"
  resolved "https://registry.yarnpkg.com/react-tippy/-/react-tippy-1.4.0.tgz#e8a8b4085ec985e5c94fe128918b733b588a1465"
  integrity sha512-r/hM5XK9Ztr2ZY7IWKuRmISTlUPS/R6ddz6PO2EuxCgW+4JBcGZRPU06XcVPRDCOIiio8ryBQFrXMhFMhsuaHA==
  dependencies:
    popper.js "^1.11.1"

tippy.js@^6.3.1:
  version "6.3.7"
  resolved "https://registry.yarnpkg.com/tippy.js/-/tippy.js-6.3.7.tgz#8ccfb651d642010ed9a32ff29b0e9e19c5b8c61c"
  integrity sha512-E1d3oP2emgJ9dRQZdf3Kkn0qJgI6ZLpyS5z6ZkY1DF3kaQaBsGZsndEpHwx+eC+tYM41HaSNvNtLx8tU57FzTQ==
  dependencies:
    "@popperjs/core" "^2.9.0"
